
Microsoft Visual Studio Solution File, Format Version 12.00
# Visual Studio Version 16
VisualStudioVersion = 16.0.31205.134
MinimumVisualStudioVersion = 10.0.40219.1
Project("{FAE04EC0-301F-11D3-BF4B-00C04F79EFBC}") = "Statistics", "Statistics\Statistics.csproj", "{F4718A25-1E96-456C-8F50-E60FDE47E7F3}"
EndProject
Project("{FAE04EC0-301F-11D3-BF4B-00C04F79EFBC}") = "StatisticsTest", "StatisticsTest\StatisticsTest.csproj", "{6DC048AB-7741-40D9-9E6D-230E4B61CEDB}"
EndProject
Global
	GlobalSection(SolutionConfigurationPlatforms) = preSolution
		Debug|Any CPU = Debug|Any CPU
		Release|Any CPU = Release|Any CPU
	EndGlobalSection
	GlobalSection(ProjectConfigurationPlatforms) = postSolution
		{F4718A25-1E96-456C-8F50-E60FDE47E7F3}.Debug|Any CPU.ActiveCfg = Debug|Any CPU
		{F4718A25-1E96-456C-8F50-E60FDE47E7F3}.Debug|Any CPU.Build.0 = Debug|Any CPU
		{F4718A25-1E96-456C-8F50-E60FDE47E7F3}.Release|Any CPU.ActiveCfg = Release|Any CPU
		{F4718A25-1E96-456C-8F50-E60FDE47E7F3}.Release|Any CPU.Build.0 = Release|Any CPU
		{6DC048AB-7741-40D9-9E6D-230E4B61CEDB}.Debug|Any CPU.ActiveCfg = Debug|Any CPU
		{6DC048AB-7741-40D9-9E6D-230E4B61CEDB}.Debug|Any CPU.Build.0 = Debug|Any CPU
		{6DC048AB-7741-40D9-9E6D-230E4B61CEDB}.Release|Any CPU.ActiveCfg = Release|Any CPU
		{6DC048AB-7741-40D9-9E6D-230E4B61CEDB}.Release|Any CPU.Build.0 = Release|Any CPU
	EndGlobalSection
	GlobalSection(SolutionProperties) = preSolution
		HideSolutionNode = FALSE
	EndGlobalSection
	GlobalSection(ExtensibilityGlobals) = postSolution
		SolutionGuid = {64B96D67-9ED5-4CD6-82AD-30126EBFB7C4}
	EndGlobalSection
EndGlobal
